
Microsoft Visual Studio Solution File, Format Version 10.00
# Visual Studio 2008
Project("{FAE04EC0-301F-11D3-BF4B-00C04F79EFBC}") = "AllInOneTest", "AllInOneTest\AllInOneTest.csproj", "{F2EE38B3-11DB-427C-91ED-47D5A95875A6}"
EndProject
Project("{FAE04EC0-301F-11D3-BF4B-00C04F79EFBC}") = "Common", "Common\Common.csproj", "{07B38E99-23B9-4A58-95C5-EE4BB80C8626}"
EndProject
Project("{FAE04EC0-301F-11D3-BF4B-00C04F79EFBC}") = "HeartStone", "HeartStone\HeartStone.csproj", "{CBE519F4-9BC9-453D-B466-8DE1206B5243}"
EndProject
Global
	GlobalSection(SolutionConfigurationPlatforms) = preSolution
		Debug|Any CPU = Debug|Any CPU
		Release|Any CPU = Release|Any CPU
	EndGlobalSection
	GlobalSection(ProjectConfigurationPlatforms) = postSolution
		{F2EE38B3-11DB-427C-91ED-47D5A95875A6}.Debug|Any CPU.ActiveCfg = Debug|Any CPU
		{F2EE38B3-11DB-427C-91ED-47D5A95875A6}.Debug|Any CPU.Build.0 = Debug|Any CPU
		{F2EE38B3-11DB-427C-91ED-47D5A95875A6}.Release|Any CPU.ActiveCfg = Release|Any CPU
		{F2EE38B3-11DB-427C-91ED-47D5A95875A6}.Release|Any CPU.Build.0 = Release|Any CPU
		{07B38E99-23B9-4A58-95C5-EE4BB80C8626}.Debug|Any CPU.ActiveCfg = Debug|Any CPU
		{07B38E99-23B9-4A58-95C5-EE4BB80C8626}.Debug|Any CPU.Build.0 = Debug|Any CPU
		{07B38E99-23B9-4A58-95C5-EE4BB80C8626}.Release|Any CPU.ActiveCfg = Release|Any CPU
		{07B38E99-23B9-4A58-95C5-EE4BB80C8626}.Release|Any CPU.Build.0 = Release|Any CPU
		{CBE519F4-9BC9-453D-B466-8DE1206B5243}.Debug|Any CPU.ActiveCfg = Debug|Any CPU
		{CBE519F4-9BC9-453D-B466-8DE1206B5243}.Debug|Any CPU.Build.0 = Debug|Any CPU
		{CBE519F4-9BC9-453D-B466-8DE1206B5243}.Release|Any CPU.ActiveCfg = Release|Any CPU
		{CBE519F4-9BC9-453D-B466-8DE1206B5243}.Release|Any CPU.Build.0 = Release|Any CPU
	EndGlobalSection
	GlobalSection(SolutionProperties) = preSolution
		HideSolutionNode = FALSE
	EndGlobalSection
EndGlobal
